
Microsoft Visual Studio Solution File, Format Version 12.00
# Visual Studio 14
VisualStudioVersion = 14.0.25420.1
MinimumVisualStudioVersion = 10.0.40219.1
Project("{FAE04EC0-301F-11D3-BF4B-00C04F79EFBC}") = "ToysShop.Models", "ToysShop.Models\ToysShop.Models.csproj", "{55496D13-A6E0-4A98-B265-327292C5DB3C}"
EndProject
Project("{FAE04EC0-301F-11D3-BF4B-00C04F79EFBC}") = "ToysShop.Data", "ToysShop.Data\ToysShop.Data.csproj", "{3C223ED6-E7BF-4730-B37C-A534563AC119}"
EndProject
Project("{FAE04EC0-301F-11D3-BF4B-00C04F79EFBC}") = "ToysShop.Web", "ToysShop.Web\ToysShop.Web.csproj", "{AC050543-3253-438F-8EA8-E3BC4008AB4C}"
EndProject
Project("{FAE04EC0-301F-11D3-BF4B-00C04F79EFBC}") = "ToysShop.Web.Tests", "ToysShop.Web.Tests\ToysShop.Web.Tests.csproj", "{85FDD1F5-F100-4BBD-A253-393BF2E4E6D9}"
EndProject
Project("{FAE04EC0-301F-11D3-BF4B-00C04F79EFBC}") = "ToysShop.Services", "ToysShop.Services\ToysShop.Services.csproj", "{DA5017E2-5D7E-479D-BD0D-2AE502A3A048}"
EndProject
Global
	GlobalSection(SolutionConfigurationPlatforms) = preSolution
		Debug|Any CPU = Debug|Any CPU
		Release|Any CPU = Release|Any CPU
	EndGlobalSection
	GlobalSection(ProjectConfigurationPlatforms) = postSolution
		{55496D13-A6E0-4A98-B265-327292C5DB3C}.Debug|Any CPU.ActiveCfg = Debug|Any CPU
		{55496D13-A6E0-4A98-B265-327292C5DB3C}.Debug|Any CPU.Build.0 = Debug|Any CPU
		{55496D13-A6E0-4A98-B265-327292C5DB3C}.Release|Any CPU.ActiveCfg = Release|Any CPU
		{55496D13-A6E0-4A98-B265-327292C5DB3C}.Release|Any CPU.Build.0 = Release|Any CPU
		{3C223ED6-E7BF-4730-B37C-A534563AC119}.Debug|Any CPU.ActiveCfg = Debug|Any CPU
		{3C223ED6-E7BF-4730-B37C-A534563AC119}.Debug|Any CPU.Build.0 = Debug|Any CPU
		{3C223ED6-E7BF-4730-B37C-A534563AC119}.Release|Any CPU.ActiveCfg = Release|Any CPU
		{3C223ED6-E7BF-4730-B37C-A534563AC119}.Release|Any CPU.Build.0 = Release|Any CPU
		{AC050543-3253-438F-8EA8-E3BC4008AB4C}.Debug|Any CPU.ActiveCfg = Debug|Any CPU
		{AC050543-3253-438F-8EA8-E3BC4008AB4C}.Debug|Any CPU.Build.0 = Debug|Any CPU
		{AC050543-3253-438F-8EA8-E3BC4008AB4C}.Release|Any CPU.ActiveCfg = Release|Any CPU
		{AC050543-3253-438F-8EA8-E3BC4008AB4C}.Release|Any CPU.Build.0 = Release|Any CPU
		{85FDD1F5-F100-4BBD-A253-393BF2E4E6D9}.Debug|Any CPU.ActiveCfg = Debug|Any CPU
		{85FDD1F5-F100-4BBD-A253-393BF2E4E6D9}.Debug|Any CPU.Build.0 = Debug|Any CPU
		{85FDD1F5-F100-4BBD-A253-393BF2E4E6D9}.Release|Any CPU.ActiveCfg = Release|Any CPU
		{85FDD1F5-F100-4BBD-A253-393BF2E4E6D9}.Release|Any CPU.Build.0 = Release|Any CPU
		{DA5017E2-5D7E-479D-BD0D-2AE502A3A048}.Debug|Any CPU.ActiveCfg = Debug|Any CPU
		{DA5017E2-5D7E-479D-BD0D-2AE502A3A048}.Debug|Any CPU.Build.0 = Debug|Any CPU
		{DA5017E2-5D7E-479D-BD0D-2AE502A3A048}.Release|Any CPU.ActiveCfg = Release|Any CPU
		{DA5017E2-5D7E-479D-BD0D-2AE502A3A048}.Release|Any CPU.Build.0 = Release|Any CPU
	EndGlobalSection
	GlobalSection(SolutionProperties) = preSolution
		HideSolutionNode = FALSE
	EndGlobalSection
EndGlobal
